// !$*UTF8*$!
{
	archiveVersion = 1;
	classes = {
	};
	objectVersion = 46;
	objects = {

/* Begin PBXBuildFile section */
		6575FA701D871DA700803CDD /* main.m in Sources */ = {isa = PBXBuildFile; fileRef = 6575FA6F1D871DA700803CDD /* main.m */; };
		6575FA8B1D872F3000803CDD /* Item.m in Sources */ = {isa = PBXBuildFile; fileRef = 6575FA8A1D872F3000803CDD /* Item.m */; };
		6575FA8E1D8750B400803CDD /* Container.m in Sources */ = {isa = PBXBuildFile; fileRef = 6575FA8D1D8750B400803CDD /* Container.m */; };
/* End PBXBuildFile section */

/* Begin PBXCopyFilesBuildPhase section */
		6575FA6A1D871DA700803CDD /* CopyFiles */ = {
			isa = PBXCopyFilesBuildPhase;
			buildActionMask = 2147483647;
			dstPath = /usr/share/man/man1/;
			dstSubfolderSpec = 0;
			files = (
			);
			runOnlyForDeploymentPostprocessing = 1;
		};
/* End PBXCopyFilesBuildPhase section */

/* Begin PBXFileReference section */
		6575FA6C1D871DA700803CDD /* RandomItems */ = {isa = PBXFileReference; explicitFileType = "compiled.mach-o.executable"; includeInIndex = 0; path = RandomItems; sourceTree = BUILT_PRODUCTS_DIR; };
		6575FA6F1D871DA700803CDD /* main.m */ = {isa = PBXFileReference; lastKnownFileType = sourcecode.c.objc; path = main.m; sourceTree = "<group>"; };
		6575FA891D872F3000803CDD /* Item.h */ = {isa = PBXFileReference; fileEncoding = 4; lastKnownFileType = sourcecode.c.h; path = Item.h; sourceTree = "<group>"; };
		6575FA8A1D872F3000803CDD /* Item.m */ = {isa = PBXFileReference; fileEncoding = 4; lastKnownFileType = sourcecode.c.objc; path = Item.m; sourceTree = "<group>"; };
		6575FA8C1D8750B400803CDD /* Container.h */ = {isa = PBXFileReference; fileEncoding = 4; lastKnownFileType = sourcecode.c.h; name = Container.h; path = ../Container.h; sourceTree = "<group>"; };
		6575FA8D1D8750B400803CDD /* Container.m */ = {isa = PBXFileReference; fileEncoding = 4; lastKnownFileType = sourcecode.c.objc; name = Container.m; path = ../Container.m; sourceTree = "<group>"; };
/* End PBXFileReference section */

/* Begin PBXFrameworksBuildPhase section */
		6575FA691D871DA700803CDD /* Frameworks */ = {
			isa = PBXFrameworksBuildPhase;
			buildActionMask = 2147483647;
			files = (
			);
			runOnlyForDeploymentPostprocessing = 0;
		};
/* End PBXFrameworksBuildPhase section */

/* Begin PBXGroup section */
		6575FA631D871DA700803CDD = {
			isa = PBXGroup;
			children = (
				6575FA6E1D871DA700803CDD /* RandomItems */,
				6575FA6D1D871DA700803CDD /* Products */,
			);
			sourceTree = "<group>";
		};
		6575FA6D1D871DA700803CDD /* Products */ = {
			isa = PBXGroup;
			children = (
				6575FA6C1D871DA700803CDD /* RandomItems */,
			);
			name = Products;
			sourceTree = "<group>";
		};
		6575FA6E1D871DA700803CDD /* RandomItems */ = {
			isa = PBXGroup;
			children = (
				6575FA6F1D871DA700803CDD /* main.m */,
				6575FA891D872F3000803CDD /* Item.h */,
				6575FA8A1D872F3000803CDD /* Item.m */,
				6575FA8C1D8750B400803CDD /* Container.h */,
				6575FA8D1D8750B400803CDD /* Container.m */,
			);
			path = RandomItems;
			sourceTree = "<group>";
		};
/* End PBXGroup section */

/* Begin PBXNativeTarget section */
		6575FA6B1D871DA700803CDD /* RandomItems */ = {
			isa = PBXNativeTarget;
			buildConfigurationList = 6575FA731D871DA700803CDD /* Build configuration list for PBXNativeTarget "RandomItems" */;
			buildPhases = (
				6575FA681D871DA700803CDD /* Sources */,
				6575FA691D871DA700803CDD /* Frameworks */,
				6575FA6A1D871DA700803CDD /* CopyFiles */,
			);
			buildRules = (
			);
			dependencies = (
			);
			name = RandomItems;
			productName = RandomItems;
			productReference = 6575FA6C1D871DA700803CDD /* RandomItems */;
			productType = "com.apple.product-type.tool";
		};
/* End PBXNativeTarget section */

/* Begin PBXProject section */
		6575FA641D871DA700803CDD /* Project object */ = {
			isa = PBXProject;
			attributes = {
				LastUpgradeCheck = 0800;
				ORGANIZATIONNAME = Arcore;
				TargetAttributes = {
					6575FA6B1D871DA700803CDD = {
						CreatedOnToolsVersion = 8.0;
						DevelopmentTeam = 3YHJ3C68N2;
						ProvisioningStyle = Automatic;
					};
				};
			};
			buildConfigurationList = 6575FA671D871DA700803CDD /* Build configuration list for PBXProject "RandomItems" */;
			compatibilityVersion = "Xcode 3.2";
			developmentRegion = English;
			hasScannedForEncodings = 0;
			knownRegions = (
				en,
			);
			mainGroup = 6575FA631D871DA700803CDD;
			productRefGroup = 6575FA6D1D871DA700803CDD /* Products */;
			projectDirPath = "";
			projectRoot = "";
			targets = (
				6575FA6B1D871DA700803CDD /* RandomItems */,
			);
		};
/* End PBXProject section */

/* Begin PBXSourcesBuildPhase section */
		6575FA681D871DA700803CDD /* Sources */ = {
			isa = PBXSourcesBuildPhase;
			buildActionMask = 2147483647;
			files = (
				6575FA8E1D8750B400803CDD /* Container.m in Sources */,
				6575FA8B1D872F3000803CDD /* Item.m in Sources */,
				6575FA701D871DA700803CDD /* main.m in Sources */,
			);
			runOnlyForDeploymentPostprocessing = 0;
		};
/* End PBXSourcesBuildPhase section */

/* Begin XCBuildConfiguration section */
		6575FA711D871DA700803CDD /* Debug */ = {
			isa = XCBuildConfiguration;
			buildSettings = {
				ALWAYS_SEARCH_USER_PATHS = NO;
				CLANG_ANALYZER_NONNULL = YES;
				CLANG_CXX_LANGUAGE_STANDARD = "gnu++0x";
				CLANG_CXX_LIBRARY = "libc++";
				CLANG_ENABLE_MODULES = YES;
				CLANG_ENABLE_OBJC_ARC = YES;
				CLANG_WARN_BOOL_CONVERSION = YES;
				CLANG_WARN_CONSTANT_CONVERSION = YES;
				CLANG_WARN_DIRECT_OBJC_ISA_USAGE = YES_ERROR;
				CLANG_WARN_DOCUMENTATION_COMMENTS = YES;
				CLANG_WARN_EMPTY_BODY = YES;
				CLANG_WARN_ENUM_CONVERSION = YES;
				CLANG_WARN_INFINITE_RECURSION = YES;
				CLANG_WARN_INT_CONVERSION = YES;
				CLANG_WARN_OBJC_ROOT_CLASS = YES_ERROR;
				CLANG_WARN_SUSPICIOUS_MOVES = YES;
				CLANG_WARN_UNREACHABLE_CODE = YES;
				CLANG_WARN__DUPLICATE_METHOD_MATCH = YES;
				CODE_SIGN_IDENTITY = "-";
				COPY_PHASE_STRIP = NO;
				DEBUG_INFORMATION_FORMAT = dwarf;
				ENABLE_STRICT_OBJC_MSGSEND = YES;
				ENABLE_TESTABILITY = YES;
				GCC_C_LANGUAGE_STANDARD = gnu99;
				GCC_DYNAMIC_NO_PIC = NO;
				GCC_NO_COMMON_BLOCKS = YES;
				GCC_OPTIMIZATION_LEVEL = 0;
				GCC_PREPROCESSOR_DEFINITIONS = (
					"DEBUG=1",
					"$(inherited)",
				);
				GCC_WARN_64_TO_32_BIT_CONVERSION = YES;
				GCC_WARN_ABOUT_RETURN_TYPE = YES_ERROR;
				GCC_WARN_UNDECLARED_SELECTOR = YES;
				GCC_WARN_UNINITIALIZED_AUTOS = YES_AGGRESSIVE;
				GCC_WARN_UNUSED_FUNCTION = YES;
				GCC_WARN_UNUSED_VARIABLE = YES;
				MACOSX_DEPLOYMENT_TARGET = 10.11;
				MTL_ENABLE_DEBUG_INFO = YES;
				ONLY_ACTIVE_ARCH = YES;
				SDKROOT = macosx;
			};
			name = Debug;
		};
		6575FA721D871DA700803CDD /* Release */ = {
			isa = XCBuildConfiguration;
			buildSettings = {
				ALWAYS_SEARCH_USER_PATHS = NO;
				CLANG_ANALYZER_NONNULL = YES;
				CLANG_CXX_LANGUAGE_STANDARD = "gnu++0x";
				CLANG_CXX_LIBRARY = "libc++";
				CLANG_ENABLE_MODULES = YES;
				CLANG_ENABLE_OBJC_ARC = YES;
				CLANG_WARN_BOOL_CONVERSION = YES;
				CLANG_WARN_CONSTANT_CONVERSION = YES;
				CLANG_WARN_DIRECT_OBJC_ISA_USAGE = YES_ERROR;
				CLANG_WARN_DOCUMENTATION_COMMENTS = YES;
				CLANG_WARN_EMPTY_BODY = YES;
				CLANG_WARN_ENUM_CONVERSION = YES;
				CLANG_WARN_INFINITE_RECURSION = YES;
				CLANG_WARN_INT_CONVERSION = YES;
				CLANG_WARN_OBJC_ROOT_CLASS = YES_ERROR;
				CLANG_WARN_SUSPICIOUS_MOVES = YES;
				CLANG_WARN_UNREACHABLE_CODE = YES;
				CLANG_WARN__DUPLICATE_METHOD_MATCH = YES;
				CODE_SIGN_IDENTITY = "-";
				COPY_PHASE_STRIP = NO;
				DEBUG_INFORMATION_FORMAT = "dwarf-with-dsym";
				ENABLE_NS_ASSERTIONS = NO;
				ENABLE_STRICT_OBJC_MSGSEND = YES;
				GCC_C_LANGUAGE_STANDARD = gnu99;
				GCC_NO_COMMON_BLOCKS = YES;
				GCC_WARN_64_TO_32_BIT_CONVERSION = YES;
				GCC_WARN_ABOUT_RETURN_TYPE = YES_ERROR;
				GCC_WARN_UNDECLARED_SELECTOR = YES;
				GCC_WARN_UNINITIALIZED_AUTOS = YES_AGGRESSIVE;
				GCC_WARN_UNUSED_FUNCTION = YES;
				GCC_WARN_UNUSED_VARIABLE = YES;
				MACOSX_DEPLOYMENT_TARGET = 10.11;
				MTL_ENABLE_DEBUG_INFO = NO;
				SDKROOT = macosx;
			};
			name = Release;
		};
		6575FA741D871DA700803CDD /* Debug */ = {
			isa = XCBuildConfiguration;
			buildSettings = {
				DEVELOPMENT_TEAM = 3YHJ3C68N2;
				PRODUCT_NAME = "$(TARGET_NAME)";
			};
			name = Debug;
		};
		6575FA751D871DA700803CDD /* Release */ = {
			isa = XCBuildConfiguration;
			buildSettings = {
				DEVELOPMENT_TEAM = 3YHJ3C68N2;
				PRODUCT_NAME = "$(TARGET_NAME)";
			};
			name = Release;
		};
/* End XCBuildConfiguration section */

/* Begin XCConfigurationList section */
		6575FA671D871DA700803CDD /* Build configuration list for PBXProject "RandomItems" */ = {
			isa = XCConfigurationList;
			buildConfigurations = (
				6575FA711D871DA700803CDD /* Debug */,
				6575FA721D871DA700803CDD /* Release */,
			);
			defaultConfigurationIsVisible = 0;
			defaultConfigurationName = Release;
		};
		6575FA731D871DA700803CDD /* Build configuration list for PBXNativeTarget "RandomItems" */ = {
			isa = XCConfigurationList;
			buildConfigurations = (
				6575FA741D871DA700803CDD /* Debug */,
				6575FA751D871DA700803CDD /* Release */,
			);
			defaultConfigurationIsVisible = 0;
			defaultConfigurationName = Release;
		};
/* End XCConfigurationList section */
	};
	rootObject = 6575FA641D871DA700803CDD /* Project object */;
}
